Microsoft Visual Studio Solution File, Format Version 11.00
# Visual Studio 2008

Project("{51958C7C-D43D-9130-B9F4-BC01998266B9}") = "GhostPrototype2", "Assembly-CSharp-firstpass.csproj", "{222F561D-D453-6B10-7BA1-55A3AF285652}"
EndProject
Project("{51958C7C-D43D-9130-B9F4-BC01998266B9}") = "GhostPrototype2", "Assembly-CSharp.csproj", "{3B53FA08-628A-585E-4550-16E480B38773}"
EndProject
Project("{51958C7C-D43D-9130-B9F4-BC01998266B9}") = "GhostPrototype2", "Assembly-CSharp-Editor.csproj", "{8AABBE30-B642-8709-5F43-3EAA24B814E2}"
EndProject
Global
	GlobalSection(SolutionConfigurationPlatforms) = preSolution
		Debug|Any CPU = Debug|Any CPU
		Release|Any CPU = Release|Any CPU
	EndGlobalSection
	GlobalSection(ProjectConfigurationPlatforms) = postSolution
		{222F561D-D453-6B10-7BA1-55A3AF285652}.Debug|Any CPU.ActiveCfg = Debug|Any CPU
		{222F561D-D453-6B10-7BA1-55A3AF285652}.Debug|Any CPU.Build.0 = Debug|Any CPU
		{222F561D-D453-6B10-7BA1-55A3AF285652}.Release|Any CPU.ActiveCfg = Release|Any CPU
		{222F561D-D453-6B10-7BA1-55A3AF285652}.Release|Any CPU.Build.0 = Release|Any CPU
		{3B53FA08-628A-585E-4550-16E480B38773}.Debug|Any CPU.ActiveCfg = Debug|Any CPU
		{3B53FA08-628A-585E-4550-16E480B38773}.Debug|Any CPU.Build.0 = Debug|Any CPU
		{3B53FA08-628A-585E-4550-16E480B38773}.Release|Any CPU.ActiveCfg = Release|Any CPU
		{3B53FA08-628A-585E-4550-16E480B38773}.Release|Any CPU.Build.0 = Release|Any CPU
		{8AABBE30-B642-8709-5F43-3EAA24B814E2}.Debug|Any CPU.ActiveCfg = Debug|Any CPU
		{8AABBE30-B642-8709-5F43-3EAA24B814E2}.Debug|Any CPU.Build.0 = Debug|Any CPU
		{8AABBE30-B642-8709-5F43-3EAA24B814E2}.Release|Any CPU.ActiveCfg = Release|Any CPU
		{8AABBE30-B642-8709-5F43-3EAA24B814E2}.Release|Any CPU.Build.0 = Release|Any CPU
	EndGlobalSection
	GlobalSection(SolutionProperties) = preSolution
		HideSolutionNode = FALSE
	EndGlobalSection
	GlobalSection(MonoDevelopProperties) = preSolution
		StartupItem = Assembly-CSharp.csproj
	EndGlobalSection
EndGlobal
